
Microsoft Visual Studio Solution File, Format Version 12.00
# Visual Studio Version 16
VisualStudioVersion = 16.0.32602.291
MinimumVisualStudioVersion = 10.0.40219.1
Project("{9A19103F-16F7-4668-BE54-9A1E7A4F7556}") = "Bnz.UI.Tests", "Bnz\Bnz.UI.Tests.csproj", "{7AE1E2E4-35B8-4943-ACB1-7BBB66DB5834}"
EndProject
Project("{9A19103F-16F7-4668-BE54-9A1E7A4F7556}") = "Bnz.API.Tests", "Bnz.API.Tests\Bnz.API.Tests.csproj", "{E1B6D6DB-E598-4A21-8ACC-C2FCB64F2C0D}"
EndProject
Project("{9A19103F-16F7-4668-BE54-9A1E7A4F7556}") = "Bnz.API", "Bnz.API\Bnz.API.csproj", "{7E9D75B2-04D4-4984-A9FB-B92405CBCCB2}"
EndProject
Project("{9A19103F-16F7-4668-BE54-9A1E7A4F7556}") = "Bnz.UI", "Bnz.UI\Bnz.UI.csproj", "{55706350-4EC4-4964-8204-DB1986EED639}"
EndProject
Project("{2150E333-8FDC-42A3-9474-1A3956D46DE8}") = "Solution Items", "Solution Items", "{7DB397EF-7BD1-471F-89B8-3FE95D34AAE6}"
	ProjectSection(SolutionItems) = preProject
		test.runsettings = test.runsettings
	EndProjectSection
EndProject
Global
	GlobalSection(SolutionConfigurationPlatforms) = preSolution
		Debug|Any CPU = Debug|Any CPU
		Release|Any CPU = Release|Any CPU
	EndGlobalSection
	GlobalSection(ProjectConfigurationPlatforms) = postSolution
		{7AE1E2E4-35B8-4943-ACB1-7BBB66DB5834}.Debug|Any CPU.ActiveCfg = Debug|Any CPU
		{7AE1E2E4-35B8-4943-ACB1-7BBB66DB5834}.Debug|Any CPU.Build.0 = Debug|Any CPU
		{7AE1E2E4-35B8-4943-ACB1-7BBB66DB5834}.Release|Any CPU.ActiveCfg = Release|Any CPU
		{7AE1E2E4-35B8-4943-ACB1-7BBB66DB5834}.Release|Any CPU.Build.0 = Release|Any CPU
		{E1B6D6DB-E598-4A21-8ACC-C2FCB64F2C0D}.Debug|Any CPU.ActiveCfg = Debug|Any CPU
		{E1B6D6DB-E598-4A21-8ACC-C2FCB64F2C0D}.Debug|Any CPU.Build.0 = Debug|Any CPU
		{E1B6D6DB-E598-4A21-8ACC-C2FCB64F2C0D}.Release|Any CPU.ActiveCfg = Release|Any CPU
		{E1B6D6DB-E598-4A21-8ACC-C2FCB64F2C0D}.Release|Any CPU.Build.0 = Release|Any CPU
		{7E9D75B2-04D4-4984-A9FB-B92405CBCCB2}.Debug|Any CPU.ActiveCfg = Debug|Any CPU
		{7E9D75B2-04D4-4984-A9FB-B92405CBCCB2}.Debug|Any CPU.Build.0 = Debug|Any CPU
		{7E9D75B2-04D4-4984-A9FB-B92405CBCCB2}.Release|Any CPU.ActiveCfg = Release|Any CPU
		{7E9D75B2-04D4-4984-A9FB-B92405CBCCB2}.Release|Any CPU.Build.0 = Release|Any CPU
		{55706350-4EC4-4964-8204-DB1986EED639}.Debug|Any CPU.ActiveCfg = Debug|Any CPU
		{55706350-4EC4-4964-8204-DB1986EED639}.Debug|Any CPU.Build.0 = Debug|Any CPU
		{55706350-4EC4-4964-8204-DB1986EED639}.Release|Any CPU.ActiveCfg = Release|Any CPU
		{55706350-4EC4-4964-8204-DB1986EED639}.Release|Any CPU.Build.0 = Release|Any CPU
	EndGlobalSection
	GlobalSection(SolutionProperties) = preSolution
		HideSolutionNode = FALSE
	EndGlobalSection
	GlobalSection(ExtensibilityGlobals) = postSolution
		SolutionGuid = {23CBAB77-13FA-4EC5-9C6D-C0644F749DF5}
	EndGlobalSection
EndGlobal
